// !$*UTF8*$!
{
	archiveVersion = 1;
	classes = {
	};
	objectVersion = 46;
	objects = {

/* Begin PBXBuildFile section */
		46EA37E21CECC26A00977D02 /* AppDelegate.swift in Sources */ = {isa = PBXBuildFile; fileRef = 46EA37E11CECC26A00977D02 /* AppDelegate.swift */; };
		46EA37E41CECC26A00977D02 /* ViewController.swift in Sources */ = {isa = PBXBuildFile; fileRef = 46EA37E31CECC26A00977D02 /* ViewController.swift */; };
		46EA37E71CECC26A00977D02 /* Main.storyboard in Resources */ = {isa = PBXBuildFile; fileRef = 46EA37E51CECC26A00977D02 /* Main.storyboard */; };
		46EA37E91CECC26A00977D02 /* Assets.xcassets in Resources */ = {isa = PBXBuildFile; fileRef = 46EA37E81CECC26A00977D02 /* Assets.xcassets */; };
		46EA37EC1CECC26A00977D02 /* LaunchScreen.storyboard in Resources */ = {isa = PBXBuildFile; fileRef = 46EA37EA1CECC26A00977D02 /* LaunchScreen.storyboard */; };
		46EA37F71CECC26A00977D02 /* PitchPerfectTests.swift in Sources */ = {isa = PBXBuildFile; fileRef = 46EA37F61CECC26A00977D02 /* PitchPerfectTests.swift */; };
		46EA38021CECC26A00977D02 /* PitchPerfectUITests.swift in Sources */ = {isa = PBXBuildFile; fileRef = 46EA38011CECC26A00977D02 /* PitchPerfectUITests.swift */; };
/* End PBXBuildFile section */

/* Begin PBXContainerItemProxy section */
		46EA37F31CECC26A00977D02 /* PBXContainerItemProxy */ = {
			isa = PBXContainerItemProxy;
			containerPortal = 46EA37D61CECC26A00977D02 /* Project object */;
			proxyType = 1;
			remoteGlobalIDString = 46EA37DD1CECC26A00977D02;
			remoteInfo = PitchPerfect;
		};
		46EA37FE1CECC26A00977D02 /* PBXContainerItemProxy */ = {
			isa = PBXContainerItemProxy;
			containerPortal = 46EA37D61CECC26A00977D02 /* Project object */;
			proxyType = 1;
			remoteGlobalIDString = 46EA37DD1CECC26A00977D02;
			remoteInfo = PitchPerfect;
		};
/* End PBXContainerItemProxy section */

/* Begin PBXFileReference section */
		46EA37DE1CECC26A00977D02 /* PitchPerfect.app */ = {isa = PBXFileReference; explicitFileType = wrapper.application; includeInIndex = 0; path = PitchPerfect.app; sourceTree = BUILT_PRODUCTS_DIR; };
		46EA37E11CECC26A00977D02 /* AppDelegate.swift */ = {isa = PBXFileReference; lastKnownFileType = sourcecode.swift; path = AppDelegate.swift; sourceTree = "<group>"; };
		46EA37E31CECC26A00977D02 /* ViewController.swift */ = {isa = PBXFileReference; lastKnownFileType = sourcecode.swift; path = ViewController.swift; sourceTree = "<group>"; };
		46EA37E61CECC26A00977D02 /* Base */ = {isa = PBXFileReference; lastKnownFileType = file.storyboard; name = Base; path = Base.lproj/Main.storyboard; sourceTree = "<group>"; };
		46EA37E81CECC26A00977D02 /* Assets.xcassets */ = {isa = PBXFileReference; lastKnownFileType = folder.assetcatalog; path = Assets.xcassets; sourceTree = "<group>"; };
		46EA37EB1CECC26A00977D02 /* Base */ = {isa = PBXFileReference; lastKnownFileType = file.storyboard; name = Base; path = Base.lproj/LaunchScreen.storyboard; sourceTree = "<group>"; };
		46EA37ED1CECC26A00977D02 /* Info.plist */ = {isa = PBXFileReference; lastKnownFileType = text.plist.xml; path = Info.plist; sourceTree = "<group>"; };
		46EA37F21CECC26A00977D02 /* PitchPerfectTests.xctest */ = {isa = PBXFileReference; explicitFileType = wrapper.cfbundle; includeInIndex = 0; path = PitchPerfectTests.xctest; sourceTree = BUILT_PRODUCTS_DIR; };
		46EA37F61CECC26A00977D02 /* PitchPerfectTests.swift */ = {isa = PBXFileReference; lastKnownFileType = sourcecode.swift; path = PitchPerfectTests.swift; sourceTree = "<group>"; };
		46EA37F81CECC26A00977D02 /* Info.plist */ = {isa = PBXFileReference; lastKnownFileType = text.plist.xml; path = Info.plist; sourceTree = "<group>"; };
		46EA37FD1CECC26A00977D02 /* PitchPerfectUITests.xctest */ = {isa = PBXFileReference; explicitFileType = wrapper.cfbundle; includeInIndex = 0; path = PitchPerfectUITests.xctest; sourceTree = BUILT_PRODUCTS_DIR; };
		46EA38011CECC26A00977D02 /* PitchPerfectUITests.swift */ = {isa = PBXFileReference; lastKnownFileType = sourcecode.swift; path = PitchPerfectUITests.swift; sourceTree = "<group>"; };
		46EA38031CECC26A00977D02 /* Info.plist */ = {isa = PBXFileReference; lastKnownFileType = text.plist.xml; path = Info.plist; sourceTree = "<group>"; };
/* End PBXFileReference section */

/* Begin PBXFrameworksBuildPhase section */
		46EA37DB1CECC26A00977D02 /* Frameworks */ = {
			isa = PBXFrameworksBuildPhase;
			buildActionMask = 2147483647;
			files = (
			);
			runOnlyForDeploymentPostprocessing = 0;
		};
		46EA37EF1CECC26A00977D02 /* Frameworks */ = {
			isa = PBXFrameworksBuildPhase;
			buildActionMask = 2147483647;
			files = (
			);
			runOnlyForDeploymentPostprocessing = 0;
		};
		46EA37FA1CECC26A00977D02 /* Frameworks */ = {
			isa = PBXFrameworksBuildPhase;
			buildActionMask = 2147483647;
			files = (
			);
			runOnlyForDeploymentPostprocessing = 0;
		};
/* End PBXFrameworksBuildPhase section */

/* Begin PBXGroup section */
		46EA37D51CECC26A00977D02 = {
			isa = PBXGroup;
			children = (
				46EA37E01CECC26A00977D02 /* PitchPerfect */,
				46EA37F51CECC26A00977D02 /* PitchPerfectTests */,
				46EA38001CECC26A00977D02 /* PitchPerfectUITests */,
				46EA37DF1CECC26A00977D02 /* Products */,
			);
			sourceTree = "<group>";
		};
		46EA37DF1CECC26A00977D02 /* Products */ = {
			isa = PBXGroup;
			children = (
				46EA37DE1CECC26A00977D02 /* PitchPerfect.app */,
				46EA37F21CECC26A00977D02 /* PitchPerfectTests.xctest */,
				46EA37FD1CECC26A00977D02 /* PitchPerfectUITests.xctest */,
			);
			name = Products;
			sourceTree = "<group>";
		};
		46EA37E01CECC26A00977D02 /* PitchPerfect */ = {
			isa = PBXGroup;
			children = (
				46EA37E11CECC26A00977D02 /* AppDelegate.swift */,
				46EA37E31CECC26A00977D02 /* ViewController.swift */,
				46EA37E51CECC26A00977D02 /* Main.storyboard */,
				46EA37E81CECC26A00977D02 /* Assets.xcassets */,
				46EA37EA1CECC26A00977D02 /* LaunchScreen.storyboard */,
				46EA37ED1CECC26A00977D02 /* Info.plist */,
			);
			path = PitchPerfect;
			sourceTree = "<group>";
		};
		46EA37F51CECC26A00977D02 /* PitchPerfectTests */ = {
			isa = PBXGroup;
			children = (
				46EA37F61CECC26A00977D02 /* PitchPerfectTests.swift */,
				46EA37F81CECC26A00977D02 /* Info.plist */,
			);
			path = PitchPerfectTests;
			sourceTree = "<group>";
		};
		46EA38001CECC26A00977D02 /* PitchPerfectUITests */ = {
			isa = PBXGroup;
			children = (
				46EA38011CECC26A00977D02 /* PitchPerfectUITests.swift */,
				46EA38031CECC26A00977D02 /* Info.plist */,
			);
			path = PitchPerfectUITests;
			sourceTree = "<group>";
		};
/* End PBXGroup section */

/* Begin PBXNativeTarget section */
		46EA37DD1CECC26A00977D02 /* PitchPerfect */ = {
			isa = PBXNativeTarget;
			buildConfigurationList = 46EA38061CECC26A00977D02 /* Build configuration list for PBXNativeTarget "PitchPerfect" */;
			buildPhases = (
				46EA37DA1CECC26A00977D02 /* Sources */,
				46EA37DB1CECC26A00977D02 /* Frameworks */,
				46EA37DC1CECC26A00977D02 /* Resources */,
			);
			buildRules = (
			);
			dependencies = (
			);
			name = PitchPerfect;
			productName = PitchPerfect;
			productReference = 46EA37DE1CECC26A00977D02 /* PitchPerfect.app */;
			productType = "com.apple.product-type.application";
		};
		46EA37F11CECC26A00977D02 /* PitchPerfectTests */ = {
			isa = PBXNativeTarget;
			buildConfigurationList = 46EA38091CECC26A00977D02 /* Build configuration list for PBXNativeTarget "PitchPerfectTests" */;
			buildPhases = (
				46EA37EE1CECC26A00977D02 /* Sources */,
				46EA37EF1CECC26A00977D02 /* Frameworks */,
				46EA37F01CECC26A00977D02 /* Resources */,
			);
			buildRules = (
			);
			dependencies = (
				46EA37F41CECC26A00977D02 /* PBXTargetDependency */,
			);
			name = PitchPerfectTests;
			productName = PitchPerfectTests;
			productReference = 46EA37F21CECC26A00977D02 /* PitchPerfectTests.xctest */;
			productType = "com.apple.product-type.bundle.unit-test";
		};
		46EA37FC1CECC26A00977D02 /* PitchPerfectUITests */ = {
			isa = PBXNativeTarget;
			buildConfigurationList = 46EA380C1CECC26A00977D02 /* Build configuration list for PBXNativeTarget "PitchPerfectUITests" */;
			buildPhases = (
				46EA37F91CECC26A00977D02 /* Sources */,
				46EA37FA1CECC26A00977D02 /* Frameworks */,
				46EA37FB1CECC26A00977D02 /* Resources */,
			);
			buildRules = (
			);
			dependencies = (
				46EA37FF1CECC26A00977D02 /* PBXTargetDependency */,
			);
			name = PitchPerfectUITests;
			productName = PitchPerfectUITests;
			productReference = 46EA37FD1CECC26A00977D02 /* PitchPerfectUITests.xctest */;
			productType = "com.apple.product-type.bundle.ui-testing";
		};
/* End PBXNativeTarget section */

/* Begin PBXProject section */
		46EA37D61CECC26A00977D02 /* Project object */ = {
			isa = PBXProject;
			attributes = {
				LastSwiftUpdateCheck = 0730;
				LastUpgradeCheck = 0730;
				ORGANIZATIONNAME = "Chirag Ramani";
				TargetAttributes = {
					46EA37DD1CECC26A00977D02 = {
						CreatedOnToolsVersion = 7.3.1;
					};
					46EA37F11CECC26A00977D02 = {
						CreatedOnToolsVersion = 7.3.1;
						TestTargetID = 46EA37DD1CECC26A00977D02;
					};
					46EA37FC1CECC26A00977D02 = {
						CreatedOnToolsVersion = 7.3.1;
						TestTargetID = 46EA37DD1CECC26A00977D02;
					};
				};
			};
			buildConfigurationList = 46EA37D91CECC26A00977D02 /* Build configuration list for PBXProject "PitchPerfect" */;
			compatibilityVersion = "Xcode 3.2";
			developmentRegion = English;
			hasScannedForEncodings = 0;
			knownRegions = (
				en,
				Base,
			);
			mainGroup = 46EA37D51CECC26A00977D02;
			productRefGroup = 46EA37DF1CECC26A00977D02 /* Products */;
			projectDirPath = "";
			projectRoot = "";
			targets = (
				46EA37DD1CECC26A00977D02 /* PitchPerfect */,
				46EA37F11CECC26A00977D02 /* PitchPerfectTests */,
				46EA37FC1CECC26A00977D02 /* PitchPerfectUITests */,
			);
		};
/* End PBXProject section */

/* Begin PBXResourcesBuildPhase section */
		46EA37DC1CECC26A00977D02 /* Resources */ = {
			isa = PBXResourcesBuildPhase;
			buildActionMask = 2147483647;
			files = (
				46EA37EC1CECC26A00977D02 /* LaunchScreen.storyboard in Resources */,
				46EA37E91CECC26A00977D02 /* Assets.xcassets in Resources */,
				46EA37E71CECC26A00977D02 /* Main.storyboard in Resources */,
			);
			runOnlyForDeploymentPostprocessing = 0;
		};
		46EA37F01CECC26A00977D02 /* Resources */ = {
			isa = PBXResourcesBuildPhase;
			buildActionMask = 2147483647;
			files = (
			);
			runOnlyForDeploymentPostprocessing = 0;
		};
		46EA37FB1CECC26A00977D02 /* Resources */ = {
			isa = PBXResourcesBuildPhase;
			buildActionMask = 2147483647;
			files = (
			);
			runOnlyForDeploymentPostprocessing = 0;
		};
/* End PBXResourcesBuildPhase section */

/* Begin PBXSourcesBuildPhase section */
		46EA37DA1CECC26A00977D02 /* Sources */ = {
			isa = PBXSourcesBuildPhase;
			buildActionMask = 2147483647;
			files = (
				46EA37E41CECC26A00977D02 /* ViewController.swift in Sources */,
				46EA37E21CECC26A00977D02 /* AppDelegate.swift in Sources */,
			);
			runOnlyForDeploymentPostprocessing = 0;
		};
		46EA37EE1CECC26A00977D02 /* Sources */ = {
			isa = PBXSourcesBuildPhase;
			buildActionMask = 2147483647;
			files = (
				46EA37F71CECC26A00977D02 /* PitchPerfectTests.swift in Sources */,
			);
			runOnlyForDeploymentPostprocessing = 0;
		};
		46EA37F91CECC26A00977D02 /* Sources */ = {
			isa = PBXSourcesBuildPhase;
			buildActionMask = 2147483647;
			files = (
				46EA38021CECC26A00977D02 /* PitchPerfectUITests.swift in Sources */,
			);
			runOnlyForDeploymentPostprocessing = 0;
		};
/* End PBXSourcesBuildPhase section */

/* Begin PBXTargetDependency section */
		46EA37F41CECC26A00977D02 /* PBXTargetDependency */ = {
			isa = PBXTargetDependency;
			target = 46EA37DD1CECC26A00977D02 /* PitchPerfect */;
			targetProxy = 46EA37F31CECC26A00977D02 /* PBXContainerItemProxy */;
		};
		46EA37FF1CECC26A00977D02 /* PBXTargetDependency */ = {
			isa = PBXTargetDependency;
			target = 46EA37DD1CECC26A00977D02 /* PitchPerfect */;
			targetProxy = 46EA37FE1CECC26A00977D02 /* PBXContainerItemProxy */;
		};
/* End PBXTargetDependency section */

/* Begin PBXVariantGroup section */
		46EA37E51CECC26A00977D02 /* Main.storyboard */ = {
			isa = PBXVariantGroup;
			children = (
				46EA37E61CECC26A00977D02 /* Base */,
			);
			name = Main.storyboard;
			sourceTree = "<group>";
		};
		46EA37EA1CECC26A00977D02 /* LaunchScreen.storyboard */ = {
			isa = PBXVariantGroup;
			children = (
				46EA37EB1CECC26A00977D02 /* Base */,
			);
			name = LaunchScreen.storyboard;
			sourceTree = "<group>";
		};
/* End PBXVariantGroup section */

/* Begin XCBuildConfiguration section */
		46EA38041CECC26A00977D02 /* Debug */ = {
			isa = XCBuildConfiguration;
			buildSettings = {
				ALWAYS_SEARCH_USER_PATHS = NO;
				CLANG_ANALYZER_NONNULL = YES;
				CLANG_CXX_LANGUAGE_STANDARD = "gnu++0x";
				CLANG_CXX_LIBRARY = "libc++";
				CLANG_ENABLE_MODULES = YES;
				CLANG_ENABLE_OBJC_ARC = YES;
				CLANG_WARN_BOOL_CONVERSION = YES;
				CLANG_WARN_CONSTANT_CONVERSION = YES;
				CLANG_WARN_DIRECT_OBJC_ISA_USAGE = YES_ERROR;
				CLANG_WARN_EMPTY_BODY = YES;
				CLANG_WARN_ENUM_CONVERSION = YES;
				CLANG_WARN_INT_CONVERSION = YES;
				CLANG_WARN_OBJC_ROOT_CLASS = YES_ERROR;
				CLANG_WARN_UNREACHABLE_CODE = YES;
				CLANG_WARN__DUPLICATE_METHOD_MATCH = YES;
				"CODE_SIGN_IDENTITY[sdk=iphoneos*]" = "iPhone Developer";
				COPY_PHASE_STRIP = NO;
				DEBUG_INFORMATION_FORMAT = dwarf;
				ENABLE_STRICT_OBJC_MSGSEND = YES;
				ENABLE_TESTABILITY = YES;
				GCC_C_LANGUAGE_STANDARD = gnu99;
				GCC_DYNAMIC_NO_PIC = NO;
				GCC_NO_COMMON_BLOCKS = YES;
				GCC_OPTIMIZATION_LEVEL = 0;
				GCC_PREPROCESSOR_DEFINITIONS = (
					"DEBUG=1",
					"$(inherited)",
				);
				GCC_WARN_64_TO_32_BIT_CONVERSION = YES;
				GCC_WARN_ABOUT_RETURN_TYPE = YES_ERROR;
				GCC_WARN_UNDECLARED_SELECTOR = YES;
				GCC_WARN_UNINITIALIZED_AUTOS = YES_AGGRESSIVE;
				GCC_WARN_UNUSED_FUNCTION = YES;
				GCC_WARN_UNUSED_VARIABLE = YES;
				IPHONEOS_DEPLOYMENT_TARGET = 9.3;
				MTL_ENABLE_DEBUG_INFO = YES;
				ONLY_ACTIVE_ARCH = YES;
				SDKROOT = iphoneos;
				SWIFT_OPTIMIZATION_LEVEL = "-Onone";
				TARGETED_DEVICE_FAMILY = "1,2";
			};
			name = Debug;
		};
		46EA38051CECC26A00977D02 /* Release */ = {
			isa = XCBuildConfiguration;
			buildSettings = {
				ALWAYS_SEARCH_USER_PATHS = NO;
				CLANG_ANALYZER_NONNULL = YES;
				CLANG_CXX_LANGUAGE_STANDARD = "gnu++0x";
				CLANG_CXX_LIBRARY = "libc++";
				CLANG_ENABLE_MODULES = YES;
				CLANG_ENABLE_OBJC_ARC = YES;
				CLANG_WARN_BOOL_CONVERSION = YES;
				CLANG_WARN_CONSTANT_CONVERSION = YES;
				CLANG_WARN_DIRECT_OBJC_ISA_USAGE = YES_ERROR;
				CLANG_WARN_EMPTY_BODY = YES;
				CLANG_WARN_ENUM_CONVERSION = YES;
				CLANG_WARN_INT_CONVERSION = YES;
				CLANG_WARN_OBJC_ROOT_CLASS = YES_ERROR;
				CLANG_WARN_UNREACHABLE_CODE = YES;
				CLANG_WARN__DUPLICATE_METHOD_MATCH = YES;
				"CODE_SIGN_IDENTITY[sdk=iphoneos*]" = "iPhone Developer";
				COPY_PHASE_STRIP = NO;
				DEBUG_INFORMATION_FORMAT = "dwarf-with-dsym";
				ENABLE_NS_ASSERTIONS = NO;
				ENABLE_STRICT_OBJC_MSGSEND = YES;
				GCC_C_LANGUAGE_STANDARD = gnu99;
				GCC_NO_COMMON_BLOCKS = YES;
				GCC_WARN_64_TO_32_BIT_CONVERSION = YES;
				GCC_WARN_ABOUT_RETURN_TYPE = YES_ERROR;
				GCC_WARN_UNDECLARED_SELECTOR = YES;
				GCC_WARN_UNINITIALIZED_AUTOS = YES_AGGRESSIVE;
				GCC_WARN_UNUSED_FUNCTION = YES;
				GCC_WARN_UNUSED_VARIABLE = YES;
				IPHONEOS_DEPLOYMENT_TARGET = 9.3;
				MTL_ENABLE_DEBUG_INFO = NO;
				SDKROOT = iphoneos;
				TARGETED_DEVICE_FAMILY = "1,2";
				VALIDATE_PRODUCT = YES;
			};
			name = Release;
		};
		46EA38071CECC26A00977D02 /* Debug */ = {
			isa = XCBuildConfiguration;
			buildSettings = {
				ASSETCATALOG_COMPILER_APPICON_NAME = AppIcon;
				INFOPLIST_FILE = PitchPerfect/Info.plist;
				LD_RUNPATH_SEARCH_PATHS = "$(inherited) @executable_path/Frameworks";
				PRODUCT_BUNDLE_IDENTIFIER = self.PitchPerfect;
				PRODUCT_NAME = "$(TARGET_NAME)";
			};
			name = Debug;
		};
		46EA38081CECC26A00977D02 /* Release */ = {
			isa = XCBuildConfiguration;
			buildSettings = {
				ASSETCATALOG_COMPILER_APPICON_NAME = AppIcon;
				INFOPLIST_FILE = PitchPerfect/Info.plist;
				LD_RUNPATH_SEARCH_PATHS = "$(inherited) @executable_path/Frameworks";
				PRODUCT_BUNDLE_IDENTIFIER = self.PitchPerfect;
				PRODUCT_NAME = "$(TARGET_NAME)";
			};
			name = Release;
		};
		46EA380A1CECC26A00977D02 /* Debug */ = {
			isa = XCBuildConfiguration;
			buildSettings = {
				BUNDLE_LOADER = "$(TEST_HOST)";
				INFOPLIST_FILE = PitchPerfectTests/Info.plist;
				LD_RUNPATH_SEARCH_PATHS = "$(inherited) @executable_path/Frameworks @loader_path/Frameworks";
				PRODUCT_BUNDLE_IDENTIFIER = self.PitchPerfectTests;
				PRODUCT_NAME = "$(TARGET_NAME)";
				TEST_HOST = "$(BUILT_PRODUCTS_DIR)/PitchPerfect.app/PitchPerfect";
			};
			name = Debug;
		};
		46EA380B1CECC26A00977D02 /* Release */ = {
			isa = XCBuildConfiguration;
			buildSettings = {
				BUNDLE_LOADER = "$(TEST_HOST)";
				INFOPLIST_FILE = PitchPerfectTests/Info.plist;
				LD_RUNPATH_SEARCH_PATHS = "$(inherited) @executable_path/Frameworks @loader_path/Frameworks";
				PRODUCT_BUNDLE_IDENTIFIER = self.PitchPerfectTests;
				PRODUCT_NAME = "$(TARGET_NAME)";
				TEST_HOST = "$(BUILT_PRODUCTS_DIR)/PitchPerfect.app/PitchPerfect";
			};
			name = Release;
		};
		46EA380D1CECC26A00977D02 /* Debug */ = {
			isa = XCBuildConfiguration;
			buildSettings = {
				INFOPLIST_FILE = PitchPerfectUITests/Info.plist;
				LD_RUNPATH_SEARCH_PATHS = "$(inherited) @executable_path/Frameworks @loader_path/Frameworks";
				PRODUCT_BUNDLE_IDENTIFIER = self.PitchPerfectUITests;
				PRODUCT_NAME = "$(TARGET_NAME)";
				TEST_TARGET_NAME = PitchPerfect;
			};
			name = Debug;
		};
		46EA380E1CECC26A00977D02 /* Release */ = {
			isa = XCBuildConfiguration;
			buildSettings = {
				INFOPLIST_FILE = PitchPerfectUITests/Info.plist;
				LD_RUNPATH_SEARCH_PATHS = "$(inherited) @executable_path/Frameworks @loader_path/Frameworks";
				PRODUCT_BUNDLE_IDENTIFIER = self.PitchPerfectUITests;
				PRODUCT_NAME = "$(TARGET_NAME)";
				TEST_TARGET_NAME = PitchPerfect;
			};
			name = Release;
		};
/* End XCBuildConfiguration section */

/* Begin XCConfigurationList section */
		46EA37D91CECC26A00977D02 /* Build configuration list for PBXProject "PitchPerfect" */ = {
			isa = XCConfigurationList;
			buildConfigurations = (
				46EA38041CECC26A00977D02 /* Debug */,
				46EA38051CECC26A00977D02 /* Release */,
			);
			defaultConfigurationIsVisible = 0;
			defaultConfigurationName = Release;
		};
		46EA38061CECC26A00977D02 /* Build configuration list for PBXNativeTarget "PitchPerfect" */ = {
			isa = XCConfigurationList;
			buildConfigurations = (
				46EA38071CECC26A00977D02 /* Debug */,
				46EA38081CECC26A00977D02 /* Release */,
			);
			defaultConfigurationIsVisible = 0;
		};
		46EA38091CECC26A00977D02 /* Build configuration list for PBXNativeTarget "PitchPerfectTests" */ = {
			isa = XCConfigurationList;
			buildConfigurations = (
				46EA380A1CECC26A00977D02 /* Debug */,
				46EA380B1CECC26A00977D02 /* Release */,
			);
			defaultConfigurationIsVisible = 0;
		};
		46EA380C1CECC26A00977D02 /* Build configuration list for PBXNativeTarget "PitchPerfectUITests" */ = {
			isa = XCConfigurationList;
			buildConfigurations = (
				46EA380D1CECC26A00977D02 /* Debug */,
				46EA380E1CECC26A00977D02 /* Release */,
			);
			defaultConfigurationIsVisible = 0;
		};
/* End XCConfigurationList section */
	};
	rootObject = 46EA37D61CECC26A00977D02 /* Project object */;
}
